
Microsoft Visual Studio Solution File, Format Version 12.00
# Visual Studio Version 17
VisualStudioVersion = 17.8.34004.107
MinimumVisualStudioVersion = 10.0.40219.1
Project("{FAE04EC0-301F-11D3-BF4B-00C04F79EFBC}") = "CarsApi", "CarsApi\CarsApi.csproj", "{7794BC3E-177B-4E36-9948-11AD842C4668}"
EndProject
Project("{9A19103F-16F7-4668-BE54-9A1E7A4F7556}") = "DataAccess", "DataAccess\DataAccess.csproj", "{51F62E02-D630-40D7-8E94-8512CF9CC04E}"
EndProject
Global
	GlobalSection(SolutionConfigurationPlatforms) = preSolution
		Debug|Any CPU = Debug|Any CPU
		Release|Any CPU = Release|Any CPU
	EndGlobalSection
	GlobalSection(ProjectConfigurationPlatforms) = postSolution
		{7794BC3E-177B-4E36-9948-11AD842C4668}.Debug|Any CPU.ActiveCfg = Debug|Any CPU
		{7794BC3E-177B-4E36-9948-11AD842C4668}.Debug|Any CPU.Build.0 = Debug|Any CPU
		{7794BC3E-177B-4E36-9948-11AD842C4668}.Release|Any CPU.ActiveCfg = Release|Any CPU
		{7794BC3E-177B-4E36-9948-11AD842C4668}.Release|Any CPU.Build.0 = Release|Any CPU
		{51F62E02-D630-40D7-8E94-8512CF9CC04E}.Debug|Any CPU.ActiveCfg = Debug|Any CPU
		{51F62E02-D630-40D7-8E94-8512CF9CC04E}.Debug|Any CPU.Build.0 = Debug|Any CPU
		{51F62E02-D630-40D7-8E94-8512CF9CC04E}.Release|Any CPU.ActiveCfg = Release|Any CPU
		{51F62E02-D630-40D7-8E94-8512CF9CC04E}.Release|Any CPU.Build.0 = Release|Any CPU
	EndGlobalSection
	GlobalSection(SolutionProperties) = preSolution
		HideSolutionNode = FALSE
	EndGlobalSection
	GlobalSection(ExtensibilityGlobals) = postSolution
		SolutionGuid = {63E8CD2D-E331-4329-9D8A-206B9C00C8B2}
	EndGlobalSection
EndGlobal
