
Microsoft Visual Studio Solution File, Format Version 12.00
# Visual Studio Version 17
VisualStudioVersion = 17.8.34227.203
MinimumVisualStudioVersion = 10.0.40219.1
Project("{FAE04EC0-301F-11D3-BF4B-00C04F79EFBC}") = "survey", "survey\survey.csproj", "{F50094B8-FEC6-4EE2-B45E-37C7958F567F}"
EndProject
Project("{FAE04EC0-301F-11D3-BF4B-00C04F79EFBC}") = "DataAccess", "DataAccess2\DataAccess.csproj", "{05651729-C240-4481-B52E-A35B300EF81E}"
EndProject
Global
	GlobalSection(SolutionConfigurationPlatforms) = preSolution
		Debug|Any CPU = Debug|Any CPU
		Release|Any CPU = Release|Any CPU
	EndGlobalSection
	GlobalSection(ProjectConfigurationPlatforms) = postSolution
		{F50094B8-FEC6-4EE2-B45E-37C7958F567F}.Debug|Any CPU.ActiveCfg = Debug|Any CPU
		{F50094B8-FEC6-4EE2-B45E-37C7958F567F}.Debug|Any CPU.Build.0 = Debug|Any CPU
		{F50094B8-FEC6-4EE2-B45E-37C7958F567F}.Release|Any CPU.ActiveCfg = Release|Any CPU
		{F50094B8-FEC6-4EE2-B45E-37C7958F567F}.Release|Any CPU.Build.0 = Release|Any CPU
		{05651729-C240-4481-B52E-A35B300EF81E}.Debug|Any CPU.ActiveCfg = Debug|Any CPU
		{05651729-C240-4481-B52E-A35B300EF81E}.Debug|Any CPU.Build.0 = Debug|Any CPU
		{05651729-C240-4481-B52E-A35B300EF81E}.Release|Any CPU.ActiveCfg = Release|Any CPU
		{05651729-C240-4481-B52E-A35B300EF81E}.Release|Any CPU.Build.0 = Release|Any CPU
	EndGlobalSection
	GlobalSection(SolutionProperties) = preSolution
		HideSolutionNode = FALSE
	EndGlobalSection
	GlobalSection(ExtensibilityGlobals) = postSolution
		SolutionGuid = {D1D2A85E-1AD7-49E8-887E-C426E60474C2}
	EndGlobalSection
EndGlobal
